
Microsoft Visual Studio Solution File, Format Version 12.00
# Visual Studio Version 17
VisualStudioVersion = 17.14.36203.30
MinimumVisualStudioVersion = 10.0.40219.1
Project("{FAE04EC0-301F-11D3-BF4B-00C04F79EFBC}") = "QUAN LY.UI", "QUAN LY.UI\QUAN LY.UI.csproj", "{04B368DE-7B9A-40B0-95D4-5F937BDCBAF4}"
EndProject
Global
	GlobalSection(SolutionConfigurationPlatforms) = preSolution
		Debug|Any CPU = Debug|Any CPU
		Release|Any CPU = Release|Any CPU
	EndGlobalSection
	GlobalSection(ProjectConfigurationPlatforms) = postSolution
		{04B368DE-7B9A-40B0-95D4-5F937BDCBAF4}.Debug|Any CPU.ActiveCfg = Debug|Any CPU
		{04B368DE-7B9A-40B0-95D4-5F937BDCBAF4}.Debug|Any CPU.Build.0 = Debug|Any CPU
		{04B368DE-7B9A-40B0-95D4-5F937BDCBAF4}.Release|Any CPU.ActiveCfg = Release|Any CPU
		{04B368DE-7B9A-40B0-95D4-5F937BDCBAF4}.Release|Any CPU.Build.0 = Release|Any CPU
	EndGlobalSection
	GlobalSection(SolutionProperties) = preSolution
		HideSolutionNode = FALSE
	EndGlobalSection
	GlobalSection(ExtensibilityGlobals) = postSolution
		SolutionGuid = {46083DF4-DEE0-4F8F-8D7B-84B24FB0E83D}
	EndGlobalSection
EndGlobal
